
Microsoft Visual Studio Solution File, Format Version 12.00
Project("{FAE04EC0-301F-11D3-BF4B-00C04F79EFBC}") = "ES.ElasticSearch.API", "ES.ElasticSearch.API\ES.ElasticSearch.API.csproj", "{1A9F8C91-49DC-4E77-849A-4BB6ABD015CA}"
EndProject
Project("{FAE04EC0-301F-11D3-BF4B-00C04F79EFBC}") = "ES.ElasticSearch.Web", "ES.ElasticSearch.Web\ES.ElasticSearch.Web.csproj", "{AE5C3F28-AF99-4270-8AC0-874010D45B29}"
EndProject
Global
	GlobalSection(SolutionConfigurationPlatforms) = preSolution
		Debug|Any CPU = Debug|Any CPU
		Release|Any CPU = Release|Any CPU
	EndGlobalSection
	GlobalSection(ProjectConfigurationPlatforms) = postSolution
		{1A9F8C91-49DC-4E77-849A-4BB6ABD015CA}.Debug|Any CPU.ActiveCfg = Debug|Any CPU
		{1A9F8C91-49DC-4E77-849A-4BB6ABD015CA}.Debug|Any CPU.Build.0 = Debug|Any CPU
		{1A9F8C91-49DC-4E77-849A-4BB6ABD015CA}.Release|Any CPU.ActiveCfg = Release|Any CPU
		{1A9F8C91-49DC-4E77-849A-4BB6ABD015CA}.Release|Any CPU.Build.0 = Release|Any CPU
		{AE5C3F28-AF99-4270-8AC0-874010D45B29}.Debug|Any CPU.ActiveCfg = Debug|Any CPU
		{AE5C3F28-AF99-4270-8AC0-874010D45B29}.Debug|Any CPU.Build.0 = Debug|Any CPU
		{AE5C3F28-AF99-4270-8AC0-874010D45B29}.Release|Any CPU.ActiveCfg = Release|Any CPU
		{AE5C3F28-AF99-4270-8AC0-874010D45B29}.Release|Any CPU.Build.0 = Release|Any CPU
	EndGlobalSection
EndGlobal
